
Microsoft Visual Studio Solution File, Format Version 12.00
# Visual Studio Version 17
VisualStudioVersion = 17.3.32929.385
MinimumVisualStudioVersion = 10.0.40219.1
Project("{FAE04EC0-301F-11D3-BF4B-00C04F79EFBC}") = "WpfApp2", "WpfApp2\WpfApp2.csproj", "{D19B914E-0DFC-4BD4-BF2E-40C9474841EF}"
EndProject
Global
	GlobalSection(SolutionConfigurationPlatforms) = preSolution
		Debug|Any CPU = Debug|Any CPU
		Release|Any CPU = Release|Any CPU
	EndGlobalSection
	GlobalSection(ProjectConfigurationPlatforms) = postSolution
		{D19B914E-0DFC-4BD4-BF2E-40C9474841EF}.Debug|Any CPU.ActiveCfg = Debug|Any CPU
		{D19B914E-0DFC-4BD4-BF2E-40C9474841EF}.Debug|Any CPU.Build.0 = Debug|Any CPU
		{D19B914E-0DFC-4BD4-BF2E-40C9474841EF}.Release|Any CPU.ActiveCfg = Release|Any CPU
		{D19B914E-0DFC-4BD4-BF2E-40C9474841EF}.Release|Any CPU.Build.0 = Release|Any CPU
	EndGlobalSection
	GlobalSection(SolutionProperties) = preSolution
		HideSolutionNode = FALSE
	EndGlobalSection
	GlobalSection(ExtensibilityGlobals) = postSolution
		SolutionGuid = {F007B981-3017-40F2-AB24-67B11B48044B}
	EndGlobalSection
EndGlobal
